
Microsoft Visual Studio Solution File, Format Version 12.00
# Visual Studio Version 17
VisualStudioVersion = 17.4.33213.308
MinimumVisualStudioVersion = 10.0.40219.1
Project("{FAE04EC0-301F-11D3-BF4B-00C04F79EFBC}") = "Field_of_Dreams", "Field_of_Dreams\Field_of_Dreams.csproj", "{52679E17-0D2A-489E-B9DC-F2ECEA7BA864}"
EndProject
Global
	GlobalSection(SolutionConfigurationPlatforms) = preSolution
		Debug|Any CPU = Debug|Any CPU
		Release|Any CPU = Release|Any CPU
	EndGlobalSection
	GlobalSection(ProjectConfigurationPlatforms) = postSolution
		{52679E17-0D2A-489E-B9DC-F2ECEA7BA864}.Debug|Any CPU.ActiveCfg = Debug|Any CPU
		{52679E17-0D2A-489E-B9DC-F2ECEA7BA864}.Debug|Any CPU.Build.0 = Debug|Any CPU
		{52679E17-0D2A-489E-B9DC-F2ECEA7BA864}.Release|Any CPU.ActiveCfg = Release|Any CPU
		{52679E17-0D2A-489E-B9DC-F2ECEA7BA864}.Release|Any CPU.Build.0 = Release|Any CPU
	EndGlobalSection
	GlobalSection(SolutionProperties) = preSolution
		HideSolutionNode = FALSE
	EndGlobalSection
	GlobalSection(ExtensibilityGlobals) = postSolution
		SolutionGuid = {405B37C0-CBCF-48E0-8A7E-214D7B0C73DB}
	EndGlobalSection
EndGlobal
